
Microsoft Visual Studio Solution File, Format Version 12.00
# Visual Studio Version 17
VisualStudioVersion = 17.7.34031.279
MinimumVisualStudioVersion = 10.0.40219.1
Project("{9A19103F-16F7-4668-BE54-9A1E7A4F7556}") = "TodoApi", "TodoApi\TodoApi.csproj", "{7CBDCEAE-C078-4937-8EE4-B0ED79797135}"
EndProject
Project("{FAE04EC0-301F-11D3-BF4B-00C04F79EFBC}") = "Tests", "Tests\Tests.csproj", "{77F7EC64-B1F8-47A4-BDBD-1C294921B08D}"
EndProject
Global
	GlobalSection(SolutionConfigurationPlatforms) = preSolution
		Debug|Any CPU = Debug|Any CPU
		Release|Any CPU = Release|Any CPU
	EndGlobalSection
	GlobalSection(ProjectConfigurationPlatforms) = postSolution
		{7CBDCEAE-C078-4937-8EE4-B0ED79797135}.Debug|Any CPU.ActiveCfg = Debug|Any CPU
		{7CBDCEAE-C078-4937-8EE4-B0ED79797135}.Debug|Any CPU.Build.0 = Debug|Any CPU
		{7CBDCEAE-C078-4937-8EE4-B0ED79797135}.Release|Any CPU.ActiveCfg = Release|Any CPU
		{7CBDCEAE-C078-4937-8EE4-B0ED79797135}.Release|Any CPU.Build.0 = Release|Any CPU
		{77F7EC64-B1F8-47A4-BDBD-1C294921B08D}.Debug|Any CPU.ActiveCfg = Debug|Any CPU
		{77F7EC64-B1F8-47A4-BDBD-1C294921B08D}.Debug|Any CPU.Build.0 = Debug|Any CPU
		{77F7EC64-B1F8-47A4-BDBD-1C294921B08D}.Release|Any CPU.ActiveCfg = Release|Any CPU
		{77F7EC64-B1F8-47A4-BDBD-1C294921B08D}.Release|Any CPU.Build.0 = Release|Any CPU
	EndGlobalSection
	GlobalSection(SolutionProperties) = preSolution
		HideSolutionNode = FALSE
	EndGlobalSection
	GlobalSection(ExtensibilityGlobals) = postSolution
		SolutionGuid = {93683AFC-EA90-4027-9274-B1A465A1C592}
	EndGlobalSection
EndGlobal
